# TRACE-G 5.G2 self-contained Agent-Qwen Python dependency lock.
# Target: CPython 3.11, Linux x86_64, manylinux_2_17-compatible.
# Install from an offline wheelhouse with --no-index --only-binary=:all:
# --require-hashes. Platform-marker-only Windows artifacts are excluded.

annotated-doc==0.0.5 \
    --hash=sha256:117bac03a25ede5df5440e855b32d556049ca169ead221505badf432fed4b101
annotated-types==0.8.0 \
    --hash=sha256:f072f4d804ea359e4eaf198b1af7a8b0943881a87f31bb764f8bf219bb9419e0
anyio==4.14.2 \
    --hash=sha256:9f505dda5ac9f0c8309b5e8bd445a8c2bf7246f3ce950121e45ea15bc41d1494
certifi==2026.7.22 \
    --hash=sha256:62f22742b58a1a33014a2b6b706588a8d7e2a88ae7bd1a6ebe8c992928483775
charset-normalizer==3.4.9 \
    --hash=sha256:04ce310cb89c15df659582aee80a0603788732a5e017d5bd5c81158106ce249c
click==8.4.2 \
    --hash=sha256:e6f9f66136c816745b9d65817da91d61d957fb16e02e4dcd0552553c5a197b76
distro==1.9.0 \
    --hash=sha256:7bffd925d65168f85027d8da9af6bddab658135b840670a223589bc0c8ef02b2
fastapi==0.139.0 \
    --hash=sha256:cf15e1e9e667ddb0ad63811e60bd11390d1aac838ca4a7a23f421807b2308189
h11==0.16.0 \
    --hash=sha256:63cf8bbe7522de3bf65932fda1d9c2772064ffb3dae62d55932da54b31cb6c86
httpcore==1.0.9 \
    --hash=sha256:2d400746a40668fc9dec9810239072b40b4484b640a8c38fd654a024c7a1bf55
httpx==0.28.1 \
    --hash=sha256:d909fcccc110f8c7faf814ca82a9a4d816bc5a6dbfea25d6591d6985b8ba59ad
idna==3.18 \
    --hash=sha256:7f952cbe720b688055e3f87de14f5c3e5fdaa8bc3928985c4077ca689de849a2
jsonpatch==1.33 \
    --hash=sha256:0ae28c0cd062bbd8b8ecc26d7d164fbbea9652a1a3693f3b956c1eae5145dade
jsonpointer==3.1.1 \
    --hash=sha256:8ff8b95779d071ba472cf5bc913028df06031797532f08a7d5b602d8b2a488ca
langchain-core==1.5.3 \
    --hash=sha256:48b56fa580277209594dd7baf837f5b9a2a3651613f34ff9fb1728b429df015f
langchain-ollama==1.1.0 \
    --hash=sha256:43ac83a6eacb0f43855810739794dd55019e0d9b17bdcf3ecb3b1991ac3b59dd
langchain-protocol==0.0.18 \
    --hash=sha256:70b53a86fbf9cedc863555effe44da192ab02d556ddbf2cf95b8873adcf41b5a
langgraph==1.2.10 \
    --hash=sha256:52c48bd42fa31a1de0e1c0f0ebfe342e11ca2957b8b3563f83dbd60d8e30f921
langgraph-checkpoint==4.1.1 \
    --hash=sha256:25d29144b082827218e7bc3f1e9b0566a4bb007895cd6cc26f66a8428739f56e
langgraph-prebuilt==1.1.0 \
    --hash=sha256:51e311747d755b751d5c6b39b0c1446124d3a7643d2515017e6714b323508fc9
langgraph-sdk==0.4.2 \
    --hash=sha256:75fa5096c1177ce39c847096a8fe3745ffd480ddb412995f836e9f5f884c43dd
langsmith==0.10.15 \
    --hash=sha256:7afd7979a9cdf846a88c980e0a31ed518c33631d29e672adbfbb33446f3817cf
ollama==0.6.2 \
    --hash=sha256:3ad7daab28e5a973445c36a73882a3ef698c2ebb00e21e308652741577509f7d
orjson==3.11.9 \
    --hash=sha256:147302878da387104b66bb4a8b0227d1d487e976ce41a8501916161072ed87b1
ormsgpack==1.12.2 \
    --hash=sha256:43013a3f3e2e902e1d05e72c0f1aeb5bedbb8e09240b51e26792a3c89267e181
packaging==26.2 \
    --hash=sha256:5fc45236b9446107ff2415ce77c807cee2862cb6fac22b8a73826d0693b0980e
pydantic==2.13.4 \
    --hash=sha256:45a282cde31d808236fd7ea9d919b128653c8b38b393d1c4ab335c62924d9aba
pydantic-core==2.46.4 \
    --hash=sha256:f9fa868638bf362d3d138ea55829cefb3d5f4b0d7f142234382a15e2485dbec4
PyYAML==6.0.3 \
    --hash=sha256:b8bb0864c5a28024fac8a632c443c87c5aa6f215c0b126c449ae1a150412f31d
requests==2.34.2 \
    --hash=sha256:2a0d60c172f83ac6ab31e4554906c0f3b3588d37b5cb939b1c061f4907e278e0
requests-toolbelt==1.0.0 \
    --hash=sha256:cccfdd665f0a24fcf4726e690f65639d272bb0637b9b92dfd91a5568ccf6bd06
sniffio==1.3.1 \
    --hash=sha256:2f6da418d1f1e0fddd844478f41680e794e6051915791a034ff65e5f100525a2
starlette==1.3.1 \
    --hash=sha256:c7372aae11c3c3f26a42df7bd626cec2f47d03483d261d369516a615a53714c6
tenacity==9.1.4 \
    --hash=sha256:6095a360c919085f28c6527de529e76a06ad89b23659fa881ae0649b867a9d55
typing-extensions==4.16.0 \
    --hash=sha256:481caa481374e813c1b176ada14e97f1f67a4539ce9cfeb3f350d78d6370c2e8
typing-inspection==0.4.2 \
    --hash=sha256:4ed1cacbdc298c220f1bd249ed5287caa16f34d44ef4e9c3d0cbad5b521545e7
urllib3==2.7.0 \
    --hash=sha256:9fb4c81ebbb1ce9531cce37674bbc6f1360472bc18ca9a553ede278ef7276897
uuid-utils==0.17.0 \
    --hash=sha256:622cdde768300591ac79bfcd7bb3468e4b191b1105d5dbfe8d87c39d8f63dd46
uvicorn==0.51.0 \
    --hash=sha256:5d38af6cd620f2ae3849fb44fd4879e0890aa1febe8d47eb355fb45d93fe6a5b
websockets==15.0.1 \
    --hash=sha256:8dd8327c795b3e3f219760fa603dcae1dcc148172290a8ab15158cf85a953413
xxhash==3.8.1 \
    --hash=sha256:ad52a0e4bcc0ba956a953a169d1feec2734a64981d689e4fc8f490f7bf91af60
zstandard==0.25.0 \
    --hash=sha256:9300d02ea7c6506f00e627e287e0492a5eb0371ec1670ae852fefffa6164b072
